// !$*UTF8*$!
{
	archiveVersion = 1;
	classes = {
	};
	objectVersion = 56;
	objects = {

/* Begin PBXBuildFile section */
		4F45CE54D680138470465837 /* Pods_BJ21.framework in Frameworks */ = {isa = PBXBuildFile; fileRef = 1A771A76A66C3D9402ABE33D /* Pods_BJ21.framework */; };
		F83948F6297293E90039E67B /* AppDelegate.swift in Sources */ = {isa = PBXBuildFile; fileRef = F83948F5297293E90039E67B /* AppDelegate.swift */; };
		F83948F8297293E90039E67B /* SceneDelegate.swift in Sources */ = {isa = PBXBuildFile; fileRef = F83948F7297293E90039E67B /* SceneDelegate.swift */; };
		F83948FD297293E90039E67B /* Main.storyboard in Resources */ = {isa = PBXBuildFile; fileRef = F83948FB297293E90039E67B /* Main.storyboard */; };
		F83948FF297293EA0039E67B /* Assets.xcassets in Resources */ = {isa = PBXBuildFile; fileRef = F83948FE297293EA0039E67B /* Assets.xcassets */; };
		F8394902297293EA0039E67B /* LaunchScreen.storyboard in Resources */ = {isa = PBXBuildFile; fileRef = F8394900297293EA0039E67B /* LaunchScreen.storyboard */; };
		F8CE340D299B603200937011 /* Card.swift in Sources */ = {isa = PBXBuildFile; fileRef = F8CE340C299B603200937011 /* Card.swift */; };
		F8E61FC72998E97A00C77324 /* ViewController.swift in Sources */ = {isa = PBXBuildFile; fileRef = F83948F9297293E90039E67B /* ViewController.swift */; };
/* End PBXBuildFile section */

/* Begin PBXFileReference section */
		1A771A76A66C3D9402ABE33D /* Pods_BJ21.framework */ = {isa = PBXFileReference; explicitFileType = wrapper.framework; includeInIndex = 0; path = Pods_BJ21.framework; sourceTree = BUILT_PRODUCTS_DIR; };
		B6111E7994E3873C7D001BB2 /* Pods-BJ21.release.xcconfig */ = {isa = PBXFileReference; includeInIndex = 1; lastKnownFileType = text.xcconfig; name = "Pods-BJ21.release.xcconfig"; path = "Target Support Files/Pods-BJ21/Pods-BJ21.release.xcconfig"; sourceTree = "<group>"; };
		CB8845C7B3D24BDB77F8AA77 /* Pods-BJ21.debug.xcconfig */ = {isa = PBXFileReference; includeInIndex = 1; lastKnownFileType = text.xcconfig; name = "Pods-BJ21.debug.xcconfig"; path = "Target Support Files/Pods-BJ21/Pods-BJ21.debug.xcconfig"; sourceTree = "<group>"; };
		F83948F2297293E90039E67B /* BJ21.app */ = {isa = PBXFileReference; explicitFileType = wrapper.application; includeInIndex = 0; path = BJ21.app; sourceTree = BUILT_PRODUCTS_DIR; };
		F83948F5297293E90039E67B /* AppDelegate.swift */ = {isa = PBXFileReference; lastKnownFileType = sourcecode.swift; path = AppDelegate.swift; sourceTree = "<group>"; };
		F83948F7297293E90039E67B /* SceneDelegate.swift */ = {isa = PBXFileReference; lastKnownFileType = sourcecode.swift; path = SceneDelegate.swift; sourceTree = "<group>"; };
		F83948F9297293E90039E67B /* ViewController.swift */ = {isa = PBXFileReference; lastKnownFileType = sourcecode.swift; path = ViewController.swift; sourceTree = "<group>"; };
		F83948FC297293E90039E67B /* Base */ = {isa = PBXFileReference; lastKnownFileType = file.storyboard; name = Base; path = Base.lproj/Main.storyboard; sourceTree = "<group>"; };
		F83948FE297293EA0039E67B /* Assets.xcassets */ = {isa = PBXFileReference; lastKnownFileType = folder.assetcatalog; path = Assets.xcassets; sourceTree = "<group>"; };
		F8394901297293EA0039E67B /* Base */ = {isa = PBXFileReference; lastKnownFileType = file.storyboard; name = Base; path = Base.lproj/LaunchScreen.storyboard; sourceTree = "<group>"; };
		F8394903297293EA0039E67B /* Info.plist */ = {isa = PBXFileReference; lastKnownFileType = text.plist.xml; path = Info.plist; sourceTree = "<group>"; };
		F8CE340C299B603200937011 /* Card.swift */ = {isa = PBXFileReference; lastKnownFileType = sourcecode.swift; path = Card.swift; sourceTree = "<group>"; };
/* End PBXFileReference section */

/* Begin PBXFrameworksBuildPhase section */
		F83948EF297293E90039E67B /* Frameworks */ = {
			isa = PBXFrameworksBuildPhase;
			buildActionMask = 2147483647;
			files = (
				4F45CE54D680138470465837 /* Pods_BJ21.framework in Frameworks */,
			);
			runOnlyForDeploymentPostprocessing = 0;
		};
/* End PBXFrameworksBuildPhase section */

/* Begin PBXGroup section */
		D399AB99E3E3945D2F2CDEB6 /* Frameworks */ = {
			isa = PBXGroup;
			children = (
				1A771A76A66C3D9402ABE33D /* Pods_BJ21.framework */,
			);
			name = Frameworks;
			sourceTree = "<group>";
		};
		DCD2BA71248BE99FF090521C /* Pods */ = {
			isa = PBXGroup;
			children = (
				CB8845C7B3D24BDB77F8AA77 /* Pods-BJ21.debug.xcconfig */,
				B6111E7994E3873C7D001BB2 /* Pods-BJ21.release.xcconfig */,
			);
			path = Pods;
			sourceTree = "<group>";
		};
		F83948E9297293E90039E67B = {
			isa = PBXGroup;
			children = (
				F83948F4297293E90039E67B /* BJ21 */,
				F83948F3297293E90039E67B /* Products */,
				DCD2BA71248BE99FF090521C /* Pods */,
				D399AB99E3E3945D2F2CDEB6 /* Frameworks */,
			);
			sourceTree = "<group>";
		};
		F83948F3297293E90039E67B /* Products */ = {
			isa = PBXGroup;
			children = (
				F83948F2297293E90039E67B /* BJ21.app */,
			);
			name = Products;
			sourceTree = "<group>";
		};
		F83948F4297293E90039E67B /* BJ21 */ = {
			isa = PBXGroup;
			children = (
				F83948F5297293E90039E67B /* AppDelegate.swift */,
				F83948F7297293E90039E67B /* SceneDelegate.swift */,
				F83948F9297293E90039E67B /* ViewController.swift */,
				F83948FB297293E90039E67B /* Main.storyboard */,
				F8CE340C299B603200937011 /* Card.swift */,
				F83948FE297293EA0039E67B /* Assets.xcassets */,
				F8394900297293EA0039E67B /* LaunchScreen.storyboard */,
				F8394903297293EA0039E67B /* Info.plist */,
			);
			path = BJ21;
			sourceTree = "<group>";
		};
/* End PBXGroup section */

/* Begin PBXNativeTarget section */
		F83948F1297293E90039E67B /* BJ21 */ = {
			isa = PBXNativeTarget;
			buildConfigurationList = F8394906297293EA0039E67B /* Build configuration list for PBXNativeTarget "BJ21" */;
			buildPhases = (
				5A78D45D22F7D78DFBD5A48F /* [CP] Check Pods Manifest.lock */,
				F83948EE297293E90039E67B /* Sources */,
				F83948EF297293E90039E67B /* Frameworks */,
				F83948F0297293E90039E67B /* Resources */,
				BFF813E04179FD2B17ACCA12 /* [CP] Embed Pods Frameworks */,
			);
			buildRules = (
			);
			dependencies = (
			);
			name = BJ21;
			productName = BJ21;
			productReference = F83948F2297293E90039E67B /* BJ21.app */;
			productType = "com.apple.product-type.application";
		};
/* End PBXNativeTarget section */

/* Begin PBXProject section */
		F83948EA297293E90039E67B /* Project object */ = {
			isa = PBXProject;
			attributes = {
				BuildIndependentTargetsInParallel = 1;
				LastSwiftUpdateCheck = 1420;
				LastUpgradeCheck = 1420;
				TargetAttributes = {
					F83948F1297293E90039E67B = {
						CreatedOnToolsVersion = 14.2;
					};
				};
			};
			buildConfigurationList = F83948ED297293E90039E67B /* Build configuration list for PBXProject "BJ21" */;
			compatibilityVersion = "Xcode 14.0";
			developmentRegion = en;
			hasScannedForEncodings = 0;
			knownRegions = (
				en,
				Base,
			);
			mainGroup = F83948E9297293E90039E67B;
			productRefGroup = F83948F3297293E90039E67B /* Products */;
			projectDirPath = "";
			projectRoot = "";
			targets = (
				F83948F1297293E90039E67B /* BJ21 */,
			);
		};
/* End PBXProject section */

/* Begin PBXResourcesBuildPhase section */
		F83948F0297293E90039E67B /* Resources */ = {
			isa = PBXResourcesBuildPhase;
			buildActionMask = 2147483647;
			files = (
				F8394902297293EA0039E67B /* LaunchScreen.storyboard in Resources */,
				F83948FF297293EA0039E67B /* Assets.xcassets in Resources */,
				F83948FD297293E90039E67B /* Main.storyboard in Resources */,
			);
			runOnlyForDeploymentPostprocessing = 0;
		};
/* End PBXResourcesBuildPhase section */

/* Begin PBXShellScriptBuildPhase section */
		5A78D45D22F7D78DFBD5A48F /* [CP] Check Pods Manifest.lock */ = {
			isa = PBXShellScriptBuildPhase;
			buildActionMask = 2147483647;
			files = (
			);
			inputFileListPaths = (
			);
			inputPaths = (
				"${PODS_PODFILE_DIR_PATH}/Podfile.lock",
				"${PODS_ROOT}/Manifest.lock",
			);
			name = "[CP] Check Pods Manifest.lock";
			outputFileListPaths = (
			);
			outputPaths = (
				"$(DERIVED_FILE_DIR)/Pods-BJ21-checkManifestLockResult.txt",
			);
			runOnlyForDeploymentPostprocessing = 0;
			shellPath = /bin/sh;
			shellScript = "diff \"${PODS_PODFILE_DIR_PATH}/Podfile.lock\" \"${PODS_ROOT}/Manifest.lock\" > /dev/null\nif [ $? != 0 ] ; then\n    # print error to STDERR\n    echo \"error: The sandbox is not in sync with the Podfile.lock. Run 'pod install' or update your CocoaPods installation.\" >&2\n    exit 1\nfi\n# This output is used by Xcode 'outputs' to avoid re-running this script phase.\necho \"SUCCESS\" > \"${SCRIPT_OUTPUT_FILE_0}\"\n";
			showEnvVarsInLog = 0;
		};
		BFF813E04179FD2B17ACCA12 /* [CP] Embed Pods Frameworks */ = {
			isa = PBXShellScriptBuildPhase;
			buildActionMask = 2147483647;
			files = (
			);
			inputFileListPaths = (
				"${PODS_ROOT}/Target Support Files/Pods-BJ21/Pods-BJ21-frameworks-${CONFIGURATION}-input-files.xcfilelist",
			);
			name = "[CP] Embed Pods Frameworks";
			outputFileListPaths = (
				"${PODS_ROOT}/Target Support Files/Pods-BJ21/Pods-BJ21-frameworks-${CONFIGURATION}-output-files.xcfilelist",
			);
			runOnlyForDeploymentPostprocessing = 0;
			shellPath = /bin/sh;
			shellScript = "\"${PODS_ROOT}/Target Support Files/Pods-BJ21/Pods-BJ21-frameworks.sh\"\n";
			showEnvVarsInLog = 0;
		};
/* End PBXShellScriptBuildPhase section */

/* Begin PBXSourcesBuildPhase section */
		F83948EE297293E90039E67B /* Sources */ = {
			isa = PBXSourcesBuildPhase;
			buildActionMask = 2147483647;
			files = (
				F8E61FC72998E97A00C77324 /* ViewController.swift in Sources */,
				F83948F6297293E90039E67B /* AppDelegate.swift in Sources */,
				F83948F8297293E90039E67B /* SceneDelegate.swift in Sources */,
				F8CE340D299B603200937011 /* Card.swift in Sources */,
			);
			runOnlyForDeploymentPostprocessing = 0;
		};
/* End PBXSourcesBuildPhase section */

/* Begin PBXVariantGroup section */
		F83948FB297293E90039E67B /* Main.storyboard */ = {
			isa = PBXVariantGroup;
			children = (
				F83948FC297293E90039E67B /* Base */,
			);
			name = Main.storyboard;
			sourceTree = "<group>";
		};
		F8394900297293EA0039E67B /* LaunchScreen.storyboard */ = {
			isa = PBXVariantGroup;
			children = (
				F8394901297293EA0039E67B /* Base */,
			);
			name = LaunchScreen.storyboard;
			sourceTree = "<group>";
		};
/* End PBXVariantGroup section */

/* Begin XCBuildConfiguration section */
		F8394904297293EA0039E67B /* Debug */ = {
			isa = XCBuildConfiguration;
			buildSettings = {
				ALWAYS_SEARCH_USER_PATHS = NO;
				CLANG_ANALYZER_NONNULL = YES;
				CLANG_ANALYZER_NUMBER_OBJECT_CONVERSION = YES_AGGRESSIVE;
				CLANG_CXX_LANGUAGE_STANDARD = "gnu++20";
				CLANG_ENABLE_MODULES = YES;
				CLANG_ENABLE_OBJC_ARC = YES;
				CLANG_ENABLE_OBJC_WEAK = YES;
				CLANG_WARN_BLOCK_CAPTURE_AUTORELEASING = YES;
				CLANG_WARN_BOOL_CONVERSION = YES;
				CLANG_WARN_COMMA = YES;
				CLANG_WARN_CONSTANT_CONVERSION = YES;
				CLANG_WARN_DEPRECATED_OBJC_IMPLEMENTATIONS = YES;
				CLANG_WARN_DIRECT_OBJC_ISA_USAGE = YES_ERROR;
				CLANG_WARN_DOCUMENTATION_COMMENTS = YES;
				CLANG_WARN_EMPTY_BODY = YES;
				CLANG_WARN_ENUM_CONVERSION = YES;
				CLANG_WARN_INFINITE_RECURSION = YES;
				CLANG_WARN_INT_CONVERSION = YES;
				CLANG_WARN_NON_LITERAL_NULL_CONVERSION = YES;
				CLANG_WARN_OBJC_IMPLICIT_RETAIN_SELF = YES;
				CLANG_WARN_OBJC_LITERAL_CONVERSION = YES;
				CLANG_WARN_OBJC_ROOT_CLASS = YES_ERROR;
				CLANG_WARN_QUOTED_INCLUDE_IN_FRAMEWORK_HEADER = YES;
				CLANG_WARN_RANGE_LOOP_ANALYSIS = YES;
				CLANG_WARN_STRICT_PROTOTYPES = YES;
				CLANG_WARN_SUSPICIOUS_MOVE = YES;
				CLANG_WARN_UNGUARDED_AVAILABILITY = YES_AGGRESSIVE;
				CLANG_WARN_UNREACHABLE_CODE = YES;
				CLANG_WARN__DUPLICATE_METHOD_MATCH = YES;
				COPY_PHASE_STRIP = NO;
				DEBUG_INFORMATION_FORMAT = dwarf;
				ENABLE_STRICT_OBJC_MSGSEND = YES;
				ENABLE_TESTABILITY = YES;
				GCC_C_LANGUAGE_STANDARD = gnu11;
				GCC_DYNAMIC_NO_PIC = NO;
				GCC_NO_COMMON_BLOCKS = YES;
				GCC_OPTIMIZATION_LEVEL = 0;
				GCC_PREPROCESSOR_DEFINITIONS = (
					"DEBUG=1",
					"$(inherited)",
				);
				GCC_WARN_64_TO_32_BIT_CONVERSION = YES;
				GCC_WARN_ABOUT_RETURN_TYPE = YES_ERROR;
				GCC_WARN_UNDECLARED_SELECTOR = YES;
				GCC_WARN_UNINITIALIZED_AUTOS = YES_AGGRESSIVE;
				GCC_WARN_UNUSED_FUNCTION = YES;
				GCC_WARN_UNUSED_VARIABLE = YES;
				IPHONEOS_DEPLOYMENT_TARGET = 16.2;
				MTL_ENABLE_DEBUG_INFO = INCLUDE_SOURCE;
				MTL_FAST_MATH = YES;
				ONLY_ACTIVE_ARCH = YES;
				SDKROOT = iphoneos;
				SWIFT_ACTIVE_COMPILATION_CONDITIONS = DEBUG;
				SWIFT_OPTIMIZATION_LEVEL = "-Onone";
			};
			name = Debug;
		};
		F8394905297293EA0039E67B /* Release */ = {
			isa = XCBuildConfiguration;
			buildSettings = {
				ALWAYS_SEARCH_USER_PATHS = NO;
				CLANG_ANALYZER_NONNULL = YES;
				CLANG_ANALYZER_NUMBER_OBJECT_CONVERSION = YES_AGGRESSIVE;
				CLANG_CXX_LANGUAGE_STANDARD = "gnu++20";
				CLANG_ENABLE_MODULES = YES;
				CLANG_ENABLE_OBJC_ARC = YES;
				CLANG_ENABLE_OBJC_WEAK = YES;
				CLANG_WARN_BLOCK_CAPTURE_AUTORELEASING = YES;
				CLANG_WARN_BOOL_CONVERSION = YES;
				CLANG_WARN_COMMA = YES;
				CLANG_WARN_CONSTANT_CONVERSION = YES;
				CLANG_WARN_DEPRECATED_OBJC_IMPLEMENTATIONS = YES;
				CLANG_WARN_DIRECT_OBJC_ISA_USAGE = YES_ERROR;
				CLANG_WARN_DOCUMENTATION_COMMENTS = YES;
				CLANG_WARN_EMPTY_BODY = YES;
				CLANG_WARN_ENUM_CONVERSION = YES;
				CLANG_WARN_INFINITE_RECURSION = YES;
				CLANG_WARN_INT_CONVERSION = YES;
				CLANG_WARN_NON_LITERAL_NULL_CONVERSION = YES;
				CLANG_WARN_OBJC_IMPLICIT_RETAIN_SELF = YES;
				CLANG_WARN_OBJC_LITERAL_CONVERSION = YES;
				CLANG_WARN_OBJC_ROOT_CLASS = YES_ERROR;
				CLANG_WARN_QUOTED_INCLUDE_IN_FRAMEWORK_HEADER = YES;
				CLANG_WARN_RANGE_LOOP_ANALYSIS = YES;
				CLANG_WARN_STRICT_PROTOTYPES = YES;
				CLANG_WARN_SUSPICIOUS_MOVE = YES;
				CLANG_WARN_UNGUARDED_AVAILABILITY = YES_AGGRESSIVE;
				CLANG_WARN_UNREACHABLE_CODE = YES;
				CLANG_WARN__DUPLICATE_METHOD_MATCH = YES;
				COPY_PHASE_STRIP = NO;
				DEBUG_INFORMATION_FORMAT = "dwarf-with-dsym";
				ENABLE_NS_ASSERTIONS = NO;
				ENABLE_STRICT_OBJC_MSGSEND = YES;
				GCC_C_LANGUAGE_STANDARD = gnu11;
				GCC_NO_COMMON_BLOCKS = YES;
				GCC_WARN_64_TO_32_BIT_CONVERSION = YES;
				GCC_WARN_ABOUT_RETURN_TYPE = YES_ERROR;
				GCC_WARN_UNDECLARED_SELECTOR = YES;
				GCC_WARN_UNINITIALIZED_AUTOS = YES_AGGRESSIVE;
				GCC_WARN_UNUSED_FUNCTION = YES;
				GCC_WARN_UNUSED_VARIABLE = YES;
				IPHONEOS_DEPLOYMENT_TARGET = 16.2;
				MTL_ENABLE_DEBUG_INFO = NO;
				MTL_FAST_MATH = YES;
				SDKROOT = iphoneos;
				SWIFT_COMPILATION_MODE = wholemodule;
				SWIFT_OPTIMIZATION_LEVEL = "-O";
				VALIDATE_PRODUCT = YES;
			};
			name = Release;
		};
		F8394907297293EA0039E67B /* Debug */ = {
			isa = XCBuildConfiguration;
			baseConfigurationReference = CB8845C7B3D24BDB77F8AA77 /* Pods-BJ21.debug.xcconfig */;
			buildSettings = {
				ASSETCATALOG_COMPILER_APPICON_NAME = AppIcon;
				ASSETCATALOG_COMPILER_GLOBAL_ACCENT_COLOR_NAME = AccentColor;
				CODE_SIGN_STYLE = Automatic;
				CURRENT_PROJECT_VERSION = 1;
				DEVELOPMENT_TEAM = 4A3R3AMZNP;
				GENERATE_INFOPLIST_FILE = YES;
				INFOPLIST_FILE = BJ21/Info.plist;
				INFOPLIST_KEY_UIApplicationSupportsIndirectInputEvents = YES;
				INFOPLIST_KEY_UILaunchStoryboardName = LaunchScreen;
				INFOPLIST_KEY_UIMainStoryboardFile = Main;
				INFOPLIST_KEY_UISupportedInterfaceOrientations_iPad = "UIInterfaceOrientationPortrait UIInterfaceOrientationPortraitUpsideDown UIInterfaceOrientationLandscapeLeft UIInterfaceOrientationLandscapeRight";
				INFOPLIST_KEY_UISupportedInterfaceOrientations_iPhone = "UIInterfaceOrientationPortrait UIInterfaceOrientationLandscapeLeft UIInterfaceOrientationLandscapeRight";
				LD_RUNPATH_SEARCH_PATHS = (
					"$(inherited)",
					"@executable_path/Frameworks",
				);
				MARKETING_VERSION = 1.0;
				PRODUCT_BUNDLE_IDENTIFIER = "-.BJ21";
				PRODUCT_NAME = "$(TARGET_NAME)";
				SWIFT_EMIT_LOC_STRINGS = YES;
				SWIFT_VERSION = 5.0;
				TARGETED_DEVICE_FAMILY = "1,2";
			};
			name = Debug;
		};
		F8394908297293EA0039E67B /* Release */ = {
			isa = XCBuildConfiguration;
			baseConfigurationReference = B6111E7994E3873C7D001BB2 /* Pods-BJ21.release.xcconfig */;
			buildSettings = {
				ASSETCATALOG_COMPILER_APPICON_NAME = AppIcon;
				ASSETCATALOG_COMPILER_GLOBAL_ACCENT_COLOR_NAME = AccentColor;
				CODE_SIGN_STYLE = Automatic;
				CURRENT_PROJECT_VERSION = 1;
				DEVELOPMENT_TEAM = 4A3R3AMZNP;
				GENERATE_INFOPLIST_FILE = YES;
				INFOPLIST_FILE = BJ21/Info.plist;
				INFOPLIST_KEY_UIApplicationSupportsIndirectInputEvents = YES;
				INFOPLIST_KEY_UILaunchStoryboardName = LaunchScreen;
				INFOPLIST_KEY_UIMainStoryboardFile = Main;
				INFOPLIST_KEY_UISupportedInterfaceOrientations_iPad = "UIInterfaceOrientationPortrait UIInterfaceOrientationPortraitUpsideDown UIInterfaceOrientationLandscapeLeft UIInterfaceOrientationLandscapeRight";
				INFOPLIST_KEY_UISupportedInterfaceOrientations_iPhone = "UIInterfaceOrientationPortrait UIInterfaceOrientationLandscapeLeft UIInterfaceOrientationLandscapeRight";
				LD_RUNPATH_SEARCH_PATHS = (
					"$(inherited)",
					"@executable_path/Frameworks",
				);
				MARKETING_VERSION = 1.0;
				PRODUCT_BUNDLE_IDENTIFIER = "-.BJ21";
				PRODUCT_NAME = "$(TARGET_NAME)";
				SWIFT_EMIT_LOC_STRINGS = YES;
				SWIFT_VERSION = 5.0;
				TARGETED_DEVICE_FAMILY = "1,2";
			};
			name = Release;
		};
/* End XCBuildConfiguration section */

/* Begin XCConfigurationList section */
		F83948ED297293E90039E67B /* Build configuration list for PBXProject "BJ21" */ = {
			isa = XCConfigurationList;
			buildConfigurations = (
				F8394904297293EA0039E67B /* Debug */,
				F8394905297293EA0039E67B /* Release */,
			);
			defaultConfigurationIsVisible = 0;
			defaultConfigurationName = Release;
		};
		F8394906297293EA0039E67B /* Build configuration list for PBXNativeTarget "BJ21" */ = {
			isa = XCConfigurationList;
			buildConfigurations = (
				F8394907297293EA0039E67B /* Debug */,
				F8394908297293EA0039E67B /* Release */,
			);
			defaultConfigurationIsVisible = 0;
			defaultConfigurationName = Release;
		};
/* End XCConfigurationList section */
	};
	rootObject = F83948EA297293E90039E67B /* Project object */;
}
